# This file is automatically @generated by Cargo.
# It is not intended for manual editing.
version = 3

[[package]]
name = "bitflags"
version = "2.3.3"
source = "registry+https://github.com/rust-lang/crates.io-index"
checksum = "630be753d4e58660abd17930c71b647fe46c27ea6b63cc59e1e3851406972e42"

[[package]]
name = "logitech-led-sdk"
version = "0.1.1"
dependencies = [
 "bitflags",
 "logitech-led-sdk-sys",
]

[[package]]
name = "logitech-led-sdk-sys"
version = "0.1.1"
