# This file is automatically @generated by Cargo.
# It is not intended for manual editing.
version = 3

[[package]]
name = "bitflags"
version = "2.3.1"
source = "registry+https://github.com/rust-lang/crates.io-index"
checksum = "6776fc96284a0bb647b615056fc496d1fe1644a7ab01829818a6d91cae888b84"

[[package]]
name = "logitech-led-sdk"
version = "0.0.0"
dependencies = [
 "bitflags",
 "logitech-led-sdk-sys",
]

[[package]]
name = "logitech-led-sdk-sys"
version = "0.0.0"
