# This file is automatically @generated by Cargo.
# It is not intended for manual editing.
version = 3

[[package]]
name = "bitflags"
version = "2.4.2"
source = "registry+https://github.com/rust-lang/crates.io-index"
checksum = "ed570934406eb16438a4e976b1b4500774099c13b8cb96eec99f620f05090ddf"

[[package]]
name = "logitech-led-sdk"
version = "0.1.1"
dependencies = [
 "bitflags",
 "logitech-led-sdk-sys",
]

[[package]]
name = "logitech-led-sdk-sys"
version = "0.1.1"
